{
  "nodes": {
    "blueprint": {
      "inputs": {
        "nixpkgs": [
          "nixpkgs"
        ],
        "systems": "systems"
      },
      "locked": {
        "lastModified": 1755332143,
        "narHash": "sha256-jaiZPA5ND7HPJ4U/bzp+BKGOYR14+rIe9tC6XA4jBHU=",
        "owner": "numtide",
        "repo": "blueprint",
        "rev": "3c8bf84e28df2be19cc6623cb3ceeb6fc0839b91",
        "type": "github"
      },
      "original": {
        "owner": "numtide",
        "repo": "blueprint",
        "type": "github"
      }
    },
    "nixpkgs": {
      "locked": {
        "lastModified": 1756754008,
        "narHash": "sha256-pxRF8eTfyyf5Y58daA2bH4sSH7a5g8wgLws4z6g/DBQ=",
        "owner": "nixos",
        "repo": "nixpkgs",
        "rev": "de2fd96686b4c39ecdb51a08da402bc7ee8c31f5",
        "type": "github"
      },
      "original": {
        "owner": "nixos",
        "ref": "master",
        "repo": "nixpkgs",
        "type": "github"
      }
    },
    "root": {
      "inputs": {
        "blueprint": "blueprint",
        "nixpkgs": "nixpkgs"
      }
    },
    "systems": {
      "locked": {
        "lastModified": 1681028828,
        "narHash": "sha256-Vy1rq5AaRuLzOxct8nz4T6wlgyUR7zLU309k9mBC768=",
        "owner": "nix-systems",
        "repo": "default",
        "rev": "da67096a3b9bf56a91d16901293e51ba5b49a27e",
        "type": "github"
      },
      "original": {
        "owner": "nix-systems",
        "repo": "default",
        "type": "github"
      }
    }
  },
  "root": "root",
  "version": 7
}
